{
  "name": "vulnerable-app-workshop",
  "version": "1.0.0",
  "lockfileVersion": 2,
  "requires": true,
  "packages": {
    "": {
      "name": "vulnerable-app-workshop",
      "version": "1.0.0",
      "dependencies": {
        "express": "^4.18.2",
        "body-parser": "^1.20.2",
        "cookie-parser": "^1.4.6",
        "lodash": "4.17.0"
      },
      "devDependencies": {
        "nodemon": "^3.0.1"
      }
    },
    "node_modules/lodash": {
      "version": "4.17.0",
      "resolved": "https://registry.npmjs.org/lodash/-/lodash-4.17.0.tgz",
      "integrity": "sha1-lfHRqNJ8h6Aa1RQFP5Rlf9K7Tg="
    },
    "node_modules/express": {
      "version": "4.18.2",
      "resolved": "https://registry.npmjs.org/express/-/express-4.18.2.tgz"
    },
    "node_modules/body-parser": {
      "version": "1.20.2",
      "resolved": "https://registry.npmjs.org/body-parser/-/body-parser-1.20.2.tgz"
    },
    "node_modules/cookie-parser": {
      "version": "1.4.6",
      "resolved": "https://registry.npmjs.org/cookie-parser/-/cookie-parser-1.4.6.tgz"
    }
  }
}
